// !$*UTF8*$!
{
	archiveVersion = 1;
	classes = {
	};
	objectVersion = 46;
	objects = {

/* Begin PBXBuildFile section */
		2755713F1B3DDE3900552BC7 /* main.m in Sources */ = {isa = PBXBuildFile; fileRef = 2755713E1B3DDE3900552BC7 /* main.m */; };
		275571421B3DDE3900552BC7 /* AppDelegate.m in Sources */ = {isa = PBXBuildFile; fileRef = 275571411B3DDE3900552BC7 /* AppDelegate.m */; };
		275571451B3DDE3900552BC7 /* ViewController.m in Sources */ = {isa = PBXBuildFile; fileRef = 275571441B3DDE3900552BC7 /* ViewController.m */; };
		275571481B3DDE3900552BC7 /* Main.storyboard in Resources */ = {isa = PBXBuildFile; fileRef = 275571461B3DDE3900552BC7 /* Main.storyboard */; };
		2755714A1B3DDE3900552BC7 /* Images.xcassets in Resources */ = {isa = PBXBuildFile; fileRef = 275571491B3DDE3900552BC7 /* Images.xcassets */; };
		2755714D1B3DDE3900552BC7 /* LaunchScreen.xib in Resources */ = {isa = PBXBuildFile; fileRef = 2755714B1B3DDE3900552BC7 /* LaunchScreen.xib */; };
		275571591B3DDE3900552BC7 /* CoverFlowTests.m in Sources */ = {isa = PBXBuildFile; fileRef = 275571581B3DDE3900552BC7 /* CoverFlowTests.m */; };
/* End PBXBuildFile section */

/* Begin PBXContainerItemProxy section */
		275571531B3DDE3900552BC7 /* PBXContainerItemProxy */ = {
			isa = PBXContainerItemProxy;
			containerPortal = 275571311B3DDE3900552BC7 /* Project object */;
			proxyType = 1;
			remoteGlobalIDString = 275571381B3DDE3900552BC7;
			remoteInfo = CoverFlow;
		};
/* End PBXContainerItemProxy section */

/* Begin PBXFileReference section */
		275571391B3DDE3900552BC7 /* CoverFlow.app */ = {isa = PBXFileReference; explicitFileType = wrapper.application; includeInIndex = 0; path = CoverFlow.app; sourceTree = BUILT_PRODUCTS_DIR; };
		2755713D1B3DDE3900552BC7 /* Info.plist */ = {isa = PBXFileReference; lastKnownFileType = text.plist.xml; path = Info.plist; sourceTree = "<group>"; };
		2755713E1B3DDE3900552BC7 /* main.m */ = {isa = PBXFileReference; lastKnownFileType = sourcecode.c.objc; path = main.m; sourceTree = "<group>"; };
		275571401B3DDE3900552BC7 /* AppDelegate.h */ = {isa = PBXFileReference; lastKnownFileType = sourcecode.c.h; path = AppDelegate.h; sourceTree = "<group>"; };
		275571411B3DDE3900552BC7 /* AppDelegate.m */ = {isa = PBXFileReference; lastKnownFileType = sourcecode.c.objc; path = AppDelegate.m; sourceTree = "<group>"; };
		275571431B3DDE3900552BC7 /* ViewController.h */ = {isa = PBXFileReference; lastKnownFileType = sourcecode.c.h; path = ViewController.h; sourceTree = "<group>"; };
		275571441B3DDE3900552BC7 /* ViewController.m */ = {isa = PBXFileReference; lastKnownFileType = sourcecode.c.objc; path = ViewController.m; sourceTree = "<group>"; };
		275571471B3DDE3900552BC7 /* Base */ = {isa = PBXFileReference; lastKnownFileType = file.storyboard; name = Base; path = Base.lproj/Main.storyboard; sourceTree = "<group>"; };
		275571491B3DDE3900552BC7 /* Images.xcassets */ = {isa = PBXFileReference; lastKnownFileType = folder.assetcatalog; path = Images.xcassets; sourceTree = "<group>"; };
		2755714C1B3DDE3900552BC7 /* Base */ = {isa = PBXFileReference; lastKnownFileType = file.xib; name = Base; path = Base.lproj/LaunchScreen.xib; sourceTree = "<group>"; };
		275571521B3DDE3900552BC7 /* CoverFlowTests.xctest */ = {isa = PBXFileReference; explicitFileType = wrapper.cfbundle; includeInIndex = 0; path = CoverFlowTests.xctest; sourceTree = BUILT_PRODUCTS_DIR; };
		275571571B3DDE3900552BC7 /* Info.plist */ = {isa = PBXFileReference; lastKnownFileType = text.plist.xml; path = Info.plist; sourceTree = "<group>"; };
		275571581B3DDE3900552BC7 /* CoverFlowTests.m */ = {isa = PBXFileReference; lastKnownFileType = sourcecode.c.objc; path = CoverFlowTests.m; sourceTree = "<group>"; };
/* End PBXFileReference section */

/* Begin PBXFrameworksBuildPhase section */
		275571361B3DDE3900552BC7 /* Frameworks */ = {
			isa = PBXFrameworksBuildPhase;
			buildActionMask = 2147483647;
			files = (
			);
			runOnlyForDeploymentPostprocessing = 0;
		};
		2755714F1B3DDE3900552BC7 /* Frameworks */ = {
			isa = PBXFrameworksBuildPhase;
			buildActionMask = 2147483647;
			files = (
			);
			runOnlyForDeploymentPostprocessing = 0;
		};
/* End PBXFrameworksBuildPhase section */

/* Begin PBXGroup section */
		275571301B3DDE3900552BC7 = {
			isa = PBXGroup;
			children = (
				2755713B1B3DDE3900552BC7 /* CoverFlow */,
				275571551B3DDE3900552BC7 /* CoverFlowTests */,
				2755713A1B3DDE3900552BC7 /* Products */,
			);
			sourceTree = "<group>";
		};
		2755713A1B3DDE3900552BC7 /* Products */ = {
			isa = PBXGroup;
			children = (
				275571391B3DDE3900552BC7 /* CoverFlow.app */,
				275571521B3DDE3900552BC7 /* CoverFlowTests.xctest */,
			);
			name = Products;
			sourceTree = "<group>";
		};
		2755713B1B3DDE3900552BC7 /* CoverFlow */ = {
			isa = PBXGroup;
			children = (
				275571401B3DDE3900552BC7 /* AppDelegate.h */,
				275571411B3DDE3900552BC7 /* AppDelegate.m */,
				275571431B3DDE3900552BC7 /* ViewController.h */,
				275571441B3DDE3900552BC7 /* ViewController.m */,
				275571461B3DDE3900552BC7 /* Main.storyboard */,
				275571491B3DDE3900552BC7 /* Images.xcassets */,
				2755714B1B3DDE3900552BC7 /* LaunchScreen.xib */,
				2755713C1B3DDE3900552BC7 /* Supporting Files */,
			);
			path = CoverFlow;
			sourceTree = "<group>";
		};
		2755713C1B3DDE3900552BC7 /* Supporting Files */ = {
			isa = PBXGroup;
			children = (
				2755713D1B3DDE3900552BC7 /* Info.plist */,
				2755713E1B3DDE3900552BC7 /* main.m */,
			);
			name = "Supporting Files";
			sourceTree = "<group>";
		};
		275571551B3DDE3900552BC7 /* CoverFlowTests */ = {
			isa = PBXGroup;
			children = (
				275571581B3DDE3900552BC7 /* CoverFlowTests.m */,
				275571561B3DDE3900552BC7 /* Supporting Files */,
			);
			path = CoverFlowTests;
			sourceTree = "<group>";
		};
		275571561B3DDE3900552BC7 /* Supporting Files */ = {
			isa = PBXGroup;
			children = (
				275571571B3DDE3900552BC7 /* Info.plist */,
			);
			name = "Supporting Files";
			sourceTree = "<group>";
		};
/* End PBXGroup section */

/* Begin PBXNativeTarget section */
		275571381B3DDE3900552BC7 /* CoverFlow */ = {
			isa = PBXNativeTarget;
			buildConfigurationList = 2755715C1B3DDE3900552BC7 /* Build configuration list for PBXNativeTarget "CoverFlow" */;
			buildPhases = (
				275571351B3DDE3900552BC7 /* Sources */,
				275571361B3DDE3900552BC7 /* Frameworks */,
				275571371B3DDE3900552BC7 /* Resources */,
			);
			buildRules = (
			);
			dependencies = (
			);
			name = CoverFlow;
			productName = CoverFlow;
			productReference = 275571391B3DDE3900552BC7 /* CoverFlow.app */;
			productType = "com.apple.product-type.application";
		};
		275571511B3DDE3900552BC7 /* CoverFlowTests */ = {
			isa = PBXNativeTarget;
			buildConfigurationList = 2755715F1B3DDE3900552BC7 /* Build configuration list for PBXNativeTarget "CoverFlowTests" */;
			buildPhases = (
				2755714E1B3DDE3900552BC7 /* Sources */,
				2755714F1B3DDE3900552BC7 /* Frameworks */,
				275571501B3DDE3900552BC7 /* Resources */,
			);
			buildRules = (
			);
			dependencies = (
				275571541B3DDE3900552BC7 /* PBXTargetDependency */,
			);
			name = CoverFlowTests;
			productName = CoverFlowTests;
			productReference = 275571521B3DDE3900552BC7 /* CoverFlowTests.xctest */;
			productType = "com.apple.product-type.bundle.unit-test";
		};
/* End PBXNativeTarget section */

/* Begin PBXProject section */
		275571311B3DDE3900552BC7 /* Project object */ = {
			isa = PBXProject;
			attributes = {
				LastUpgradeCheck = 0630;
				ORGANIZATIONNAME = "Josh Endter";
				TargetAttributes = {
					275571381B3DDE3900552BC7 = {
						CreatedOnToolsVersion = 6.3;
					};
					275571511B3DDE3900552BC7 = {
						CreatedOnToolsVersion = 6.3;
						TestTargetID = 275571381B3DDE3900552BC7;
					};
				};
			};
			buildConfigurationList = 275571341B3DDE3900552BC7 /* Build configuration list for PBXProject "CoverFlow" */;
			compatibilityVersion = "Xcode 3.2";
			developmentRegion = English;
			hasScannedForEncodings = 0;
			knownRegions = (
				en,
				Base,
			);
			mainGroup = 275571301B3DDE3900552BC7;
			productRefGroup = 2755713A1B3DDE3900552BC7 /* Products */;
			projectDirPath = "";
			projectRoot = "";
			targets = (
				275571381B3DDE3900552BC7 /* CoverFlow */,
				275571511B3DDE3900552BC7 /* CoverFlowTests */,
			);
		};
/* End PBXProject section */

/* Begin PBXResourcesBuildPhase section */
		275571371B3DDE3900552BC7 /* Resources */ = {
			isa = PBXResourcesBuildPhase;
			buildActionMask = 2147483647;
			files = (
				275571481B3DDE3900552BC7 /* Main.storyboard in Resources */,
				2755714D1B3DDE3900552BC7 /* LaunchScreen.xib in Resources */,
				2755714A1B3DDE3900552BC7 /* Images.xcassets in Resources */,
			);
			runOnlyForDeploymentPostprocessing = 0;
		};
		275571501B3DDE3900552BC7 /* Resources */ = {
			isa = PBXResourcesBuildPhase;
			buildActionMask = 2147483647;
			files = (
			);
			runOnlyForDeploymentPostprocessing = 0;
		};
/* End PBXResourcesBuildPhase section */

/* Begin PBXSourcesBuildPhase section */
		275571351B3DDE3900552BC7 /* Sources */ = {
			isa = PBXSourcesBuildPhase;
			buildActionMask = 2147483647;
			files = (
				275571451B3DDE3900552BC7 /* ViewController.m in Sources */,
				275571421B3DDE3900552BC7 /* AppDelegate.m in Sources */,
				2755713F1B3DDE3900552BC7 /* main.m in Sources */,
			);
			runOnlyForDeploymentPostprocessing = 0;
		};
		2755714E1B3DDE3900552BC7 /* Sources */ = {
			isa = PBXSourcesBuildPhase;
			buildActionMask = 2147483647;
			files = (
				275571591B3DDE3900552BC7 /* CoverFlowTests.m in Sources */,
			);
			runOnlyForDeploymentPostprocessing = 0;
		};
/* End PBXSourcesBuildPhase section */

/* Begin PBXTargetDependency section */
		275571541B3DDE3900552BC7 /* PBXTargetDependency */ = {
			isa = PBXTargetDependency;
			target = 275571381B3DDE3900552BC7 /* CoverFlow */;
			targetProxy = 275571531B3DDE3900552BC7 /* PBXContainerItemProxy */;
		};
/* End PBXTargetDependency section */

/* Begin PBXVariantGroup section */
		275571461B3DDE3900552BC7 /* Main.storyboard */ = {
			isa = PBXVariantGroup;
			children = (
				275571471B3DDE3900552BC7 /* Base */,
			);
			name = Main.storyboard;
			sourceTree = "<group>";
		};
		2755714B1B3DDE3900552BC7 /* LaunchScreen.xib */ = {
			isa = PBXVariantGroup;
			children = (
				2755714C1B3DDE3900552BC7 /* Base */,
			);
			name = LaunchScreen.xib;
			sourceTree = "<group>";
		};
/* End PBXVariantGroup section */

/* Begin XCBuildConfiguration section */
		2755715A1B3DDE3900552BC7 /* Debug */ = {
			isa = XCBuildConfiguration;
			buildSettings = {
				ALWAYS_SEARCH_USER_PATHS = NO;
				CLANG_CXX_LANGUAGE_STANDARD = "gnu++0x";
				CLANG_CXX_LIBRARY = "libc++";
				CLANG_ENABLE_MODULES = YES;
				CLANG_ENABLE_OBJC_ARC = YES;
				CLANG_WARN_BOOL_CONVERSION = YES;
				CLANG_WARN_CONSTANT_CONVERSION = YES;
				CLANG_WARN_DIRECT_OBJC_ISA_USAGE = YES_ERROR;
				CLANG_WARN_EMPTY_BODY = YES;
				CLANG_WARN_ENUM_CONVERSION = YES;
				CLANG_WARN_INT_CONVERSION = YES;
				CLANG_WARN_OBJC_ROOT_CLASS = YES_ERROR;
				CLANG_WARN_UNREACHABLE_CODE = YES;
				CLANG_WARN__DUPLICATE_METHOD_MATCH = YES;
				"CODE_SIGN_IDENTITY[sdk=iphoneos*]" = "iPhone Developer";
				COPY_PHASE_STRIP = NO;
				DEBUG_INFORMATION_FORMAT = "dwarf-with-dsym";
				ENABLE_STRICT_OBJC_MSGSEND = YES;
				GCC_C_LANGUAGE_STANDARD = gnu99;
				GCC_DYNAMIC_NO_PIC = NO;
				GCC_NO_COMMON_BLOCKS = YES;
				GCC_OPTIMIZATION_LEVEL = 0;
				GCC_PREPROCESSOR_DEFINITIONS = (
					"DEBUG=1",
					"$(inherited)",
				);
				GCC_SYMBOLS_PRIVATE_EXTERN = NO;
				GCC_WARN_64_TO_32_BIT_CONVERSION = YES;
				GCC_WARN_ABOUT_RETURN_TYPE = YES_ERROR;
				GCC_WARN_UNDECLARED_SELECTOR = YES;
				GCC_WARN_UNINITIALIZED_AUTOS = YES_AGGRESSIVE;
				GCC_WARN_UNUSED_FUNCTION = YES;
				GCC_WARN_UNUSED_VARIABLE = YES;
				IPHONEOS_DEPLOYMENT_TARGET = 8.3;
				MTL_ENABLE_DEBUG_INFO = YES;
				ONLY_ACTIVE_ARCH = YES;
				SDKROOT = iphoneos;
			};
			name = Debug;
		};
		2755715B1B3DDE3900552BC7 /* Release */ = {
			isa = XCBuildConfiguration;
			buildSettings = {
				ALWAYS_SEARCH_USER_PATHS = NO;
				CLANG_CXX_LANGUAGE_STANDARD = "gnu++0x";
				CLANG_CXX_LIBRARY = "libc++";
				CLANG_ENABLE_MODULES = YES;
				CLANG_ENABLE_OBJC_ARC = YES;
				CLANG_WARN_BOOL_CONVERSION = YES;
				CLANG_WARN_CONSTANT_CONVERSION = YES;
				CLANG_WARN_DIRECT_OBJC_ISA_USAGE = YES_ERROR;
				CLANG_WARN_EMPTY_BODY = YES;
				CLANG_WARN_ENUM_CONVERSION = YES;
				CLANG_WARN_INT_CONVERSION = YES;
				CLANG_WARN_OBJC_ROOT_CLASS = YES_ERROR;
				CLANG_WARN_UNREACHABLE_CODE = YES;
				CLANG_WARN__DUPLICATE_METHOD_MATCH = YES;
				"CODE_SIGN_IDENTITY[sdk=iphoneos*]" = "iPhone Developer";
				COPY_PHASE_STRIP = NO;
				DEBUG_INFORMATION_FORMAT = "dwarf-with-dsym";
				ENABLE_NS_ASSERTIONS = NO;
				ENABLE_STRICT_OBJC_MSGSEND = YES;
				GCC_C_LANGUAGE_STANDARD = gnu99;
				GCC_NO_COMMON_BLOCKS = YES;
				GCC_WARN_64_TO_32_BIT_CONVERSION = YES;
				GCC_WARN_ABOUT_RETURN_TYPE = YES_ERROR;
				GCC_WARN_UNDECLARED_SELECTOR = YES;
				GCC_WARN_UNINITIALIZED_AUTOS = YES_AGGRESSIVE;
				GCC_WARN_UNUSED_FUNCTION = YES;
				GCC_WARN_UNUSED_VARIABLE = YES;
				IPHONEOS_DEPLOYMENT_TARGET = 8.3;
				MTL_ENABLE_DEBUG_INFO = NO;
				SDKROOT = iphoneos;
				VALIDATE_PRODUCT = YES;
			};
			name = Release;
		};
		2755715D1B3DDE3900552BC7 /* Debug */ = {
			isa = XCBuildConfiguration;
			buildSettings = {
				ASSETCATALOG_COMPILER_APPICON_NAME = AppIcon;
				INFOPLIST_FILE = CoverFlow/Info.plist;
				LD_RUNPATH_SEARCH_PATHS = "$(inherited) @executable_path/Frameworks";
				PRODUCT_NAME = "$(TARGET_NAME)";
			};
			name = Debug;
		};
		2755715E1B3DDE3900552BC7 /* Release */ = {
			isa = XCBuildConfiguration;
			buildSettings = {
				ASSETCATALOG_COMPILER_APPICON_NAME = AppIcon;
				INFOPLIST_FILE = CoverFlow/Info.plist;
				LD_RUNPATH_SEARCH_PATHS = "$(inherited) @executable_path/Frameworks";
				PRODUCT_NAME = "$(TARGET_NAME)";
			};
			name = Release;
		};
		275571601B3DDE3900552BC7 /* Debug */ = {
			isa = XCBuildConfiguration;
			buildSettings = {
				BUNDLE_LOADER = "$(TEST_HOST)";
				FRAMEWORK_SEARCH_PATHS = (
					"$(SDKROOT)/Developer/Library/Frameworks",
					"$(inherited)",
				);
				GCC_PREPROCESSOR_DEFINITIONS = (
					"DEBUG=1",
					"$(inherited)",
				);
				INFOPLIST_FILE = CoverFlowTests/Info.plist;
				LD_RUNPATH_SEARCH_PATHS = "$(inherited) @executable_path/Frameworks @loader_path/Frameworks";
				PRODUCT_NAME = "$(TARGET_NAME)";
				TEST_HOST = "$(BUILT_PRODUCTS_DIR)/CoverFlow.app/CoverFlow";
			};
			name = Debug;
		};
		275571611B3DDE3900552BC7 /* Release */ = {
			isa = XCBuildConfiguration;
			buildSettings = {
				BUNDLE_LOADER = "$(TEST_HOST)";
				FRAMEWORK_SEARCH_PATHS = (
					"$(SDKROOT)/Developer/Library/Frameworks",
					"$(inherited)",
				);
				INFOPLIST_FILE = CoverFlowTests/Info.plist;
				LD_RUNPATH_SEARCH_PATHS = "$(inherited) @executable_path/Frameworks @loader_path/Frameworks";
				PRODUCT_NAME = "$(TARGET_NAME)";
				TEST_HOST = "$(BUILT_PRODUCTS_DIR)/CoverFlow.app/CoverFlow";
			};
			name = Release;
		};
/* End XCBuildConfiguration section */

/* Begin XCConfigurationList section */
		275571341B3DDE3900552BC7 /* Build configuration list for PBXProject "CoverFlow" */ = {
			isa = XCConfigurationList;
			buildConfigurations = (
				2755715A1B3DDE3900552BC7 /* Debug */,
				2755715B1B3DDE3900552BC7 /* Release */,
			);
			defaultConfigurationIsVisible = 0;
			defaultConfigurationName = Release;
		};
		2755715C1B3DDE3900552BC7 /* Build configuration list for PBXNativeTarget "CoverFlow" */ = {
			isa = XCConfigurationList;
			buildConfigurations = (
				2755715D1B3DDE3900552BC7 /* Debug */,
				2755715E1B3DDE3900552BC7 /* Release */,
			);
			defaultConfigurationIsVisible = 0;
		};
		2755715F1B3DDE3900552BC7 /* Build configuration list for PBXNativeTarget "CoverFlowTests" */ = {
			isa = XCConfigurationList;
			buildConfigurations = (
				275571601B3DDE3900552BC7 /* Debug */,
				275571611B3DDE3900552BC7 /* Release */,
			);
			defaultConfigurationIsVisible = 0;
		};
/* End XCConfigurationList section */
	};
	rootObject = 275571311B3DDE3900552BC7 /* Project object */;
}
